{
  "object": {
    "pins": [
      {
        "package": "Slugify",
        "repositoryURL": "https://github.com/nodes-vapor/slugify",
        "state": {
          "branch": null,
          "revision": "2231b5cff8e08693e4036a03b7220e93340fcae0",
          "version": "2.0.0"
        }
      },
      {
        "package": "Swiftline",
        "repositoryURL": "https://github.com/Swiftline/Swiftline.git",
        "state": {
          "branch": null,
          "revision": "4f84dee14e47a69bfbea71a6dbba0ddc9fd9b66b",
          "version": "0.5.0"
        }
      }
    ]
  },
  "version": 1
}
